
Microsoft Visual Studio Solution File, Format Version 12.00
# Visual Studio Version 17
VisualStudioVersion = 17.7.34202.233
MinimumVisualStudioVersion = 10.0.40219.1
Project("{8BC9CEB8-8B4A-11D0-8D11-00A0C91BC942}") = "main", "main\main.vcxproj", "{EB7418E7-AE21-414D-98F3-C657224CA1BE}"
EndProject
Project("{8BC9CEB8-8B4A-11D0-8D11-00A0C91BC942}") = "tests", "tests\tests.vcxproj", "{60B5942C-A9B2-4F83-91C5-584133F3AF46}"
EndProject
Global
	GlobalSection(SolutionConfigurationPlatforms) = preSolution
		Debug|x64 = Debug|x64
		Debug|x86 = Debug|x86
		Release|x64 = Release|x64
		Release|x86 = Release|x86
	EndGlobalSection
	GlobalSection(ProjectConfigurationPlatforms) = postSolution
		{EB7418E7-AE21-414D-98F3-C657224CA1BE}.Debug|x64.ActiveCfg = Debug|x64
		{EB7418E7-AE21-414D-98F3-C657224CA1BE}.Debug|x64.Build.0 = Debug|x64
		{EB7418E7-AE21-414D-98F3-C657224CA1BE}.Debug|x86.ActiveCfg = Debug|Win32
		{EB7418E7-AE21-414D-98F3-C657224CA1BE}.Debug|x86.Build.0 = Debug|Win32
		{EB7418E7-AE21-414D-98F3-C657224CA1BE}.Release|x64.ActiveCfg = Release|x64
		{EB7418E7-AE21-414D-98F3-C657224CA1BE}.Release|x64.Build.0 = Release|x64
		{EB7418E7-AE21-414D-98F3-C657224CA1BE}.Release|x86.ActiveCfg = Release|Win32
		{EB7418E7-AE21-414D-98F3-C657224CA1BE}.Release|x86.Build.0 = Release|Win32
		{60B5942C-A9B2-4F83-91C5-584133F3AF46}.Debug|x64.ActiveCfg = Debug|x64
		{60B5942C-A9B2-4F83-91C5-584133F3AF46}.Debug|x64.Build.0 = Debug|x64
		{60B5942C-A9B2-4F83-91C5-584133F3AF46}.Debug|x86.ActiveCfg = Debug|Win32
		{60B5942C-A9B2-4F83-91C5-584133F3AF46}.Debug|x86.Build.0 = Debug|Win32
		{60B5942C-A9B2-4F83-91C5-584133F3AF46}.Release|x64.ActiveCfg = Release|x64
		{60B5942C-A9B2-4F83-91C5-584133F3AF46}.Release|x64.Build.0 = Release|x64
		{60B5942C-A9B2-4F83-91C5-584133F3AF46}.Release|x86.ActiveCfg = Release|Win32
		{60B5942C-A9B2-4F83-91C5-584133F3AF46}.Release|x86.Build.0 = Release|Win32
	EndGlobalSection
	GlobalSection(SolutionProperties) = preSolution
		HideSolutionNode = FALSE
	EndGlobalSection
	GlobalSection(ExtensibilityGlobals) = postSolution
		SolutionGuid = {3F90F20C-164D-4859-9984-74580F3FAA68}
	EndGlobalSection
EndGlobal
