<?xml version="1.0" encoding="utf-8"?>
<Project ToolsVersion="4.0" xmlns="http://schemas.microsoft.com/developer/msbuild/2003">
  <ItemGroup>
    <Filter Include="Исходные файлы">
      <UniqueIdentifier>{4FC737F1-C7A5-4376-A066-2A32D752A2FF}</UniqueIdentifier>
      <Extensions>cpp;c;cc;cxx;c++;cppm;ixx;def;odl;idl;hpj;bat;asm;asmx</Extensions>
    </Filter>
    <Filter Include="Файлы заголовков">
      <UniqueIdentifier>{93995380-89BD-4b04-88EB-625FBE52EBFB}</UniqueIdentifier>
      <Extensions>h;hh;hpp;hxx;h++;hm;inl;inc;ipp;xsd</Extensions>
    </Filter>
    <Filter Include="Файлы ресурсов">
      <UniqueIdentifier>{67DA6AB6-F800-4c08-8B7A-83BB121AAD01}</UniqueIdentifier>
      <Extensions>rc;ico;cur;bmp;dlg;rc2;rct;bin;rgs;gif;jpg;jpeg;jpe;resx;tiff;tif;png;wav;mfcribbon-ms</Extensions>
    </Filter>
    <Filter Include="Designer">
      <UniqueIdentifier>{eb39b32c-5489-42ae-8921-00a062a0e976}</UniqueIdentifier>
    </Filter>
    <Filter Include="ShapeFactory">
      <UniqueIdentifier>{52e0077a-955e-4e9c-a371-bd192fc0156d}</UniqueIdentifier>
    </Filter>
    <Filter Include="Shapes">
      <UniqueIdentifier>{7c8e19ef-22a5-4745-97d6-b7ae3ed91421}</UniqueIdentifier>
    </Filter>
    <Filter Include="Canvas">
      <UniqueIdentifier>{13c099b1-7631-4e05-827f-85727b86cfd2}</UniqueIdentifier>
    </Filter>
  </ItemGroup>
  <ItemGroup>
    <ClCompile Include="main.cpp">
      <Filter>Исходные файлы</Filter>
    </ClCompile>
    <ClCompile Include="CShapeFactory.cpp">
      <Filter>Исходные файлы</Filter>
    </ClCompile>
    <ClCompile Include="Canvas.cpp">
      <Filter>Исходные файлы</Filter>
    </ClCompile>
  </ItemGroup>
  <ItemGroup>
    <ClInclude Include="IDesigner.h">
      <Filter>Designer</Filter>
    </ClInclude>
    <ClInclude Include="CPictureDraft.h">
      <Filter>Designer</Filter>
    </ClInclude>
    <ClInclude Include="CDesigner.h">
      <Filter>Designer</Filter>
    </ClInclude>
    <ClInclude Include="CShape.h">
      <Filter>Shapes</Filter>
    </ClInclude>
    <ClInclude Include="Color.h">
      <Filter>Shapes</Filter>
    </ClInclude>
    <ClInclude Include="ICanvas.h">
      <Filter>Canvas</Filter>
    </ClInclude>
    <ClInclude Include="CRectangle.h">
      <Filter>Shapes</Filter>
    </ClInclude>
    <ClInclude Include="Point.h">
      <Filter>Shapes</Filter>
    </ClInclude>
    <ClInclude Include="CTriangle.h">
      <Filter>Shapes</Filter>
    </ClInclude>
    <ClInclude Include="CEllipse.h">
      <Filter>Shapes</Filter>
    </ClInclude>
    <ClInclude Include="CRegularPolygon.h">
      <Filter>Shapes</Filter>
    </ClInclude>
    <ClInclude Include="IShapeFactory.h">
      <Filter>ShapeFactory</Filter>
    </ClInclude>
    <ClInclude Include="CShapeFactory.h">
      <Filter>ShapeFactory</Filter>
    </ClInclude>
    <ClInclude Include="CPainter.h">
      <Filter>Файлы заголовков</Filter>
    </ClInclude>
    <ClInclude Include="Canvas.h">
      <Filter>Canvas</Filter>
    </ClInclude>
  </ItemGroup>
</Project>